
Microsoft Visual Studio Solution File, Format Version 12.00
Project("{FAE04EC0-301F-11D3-BF4B-00C04F79EFBC}") = "Labor-01", "Labor-01\Labor-01.csproj", "{35E2BFC6-2441-40D1-ADF4-FFD0E011E0F9}"
EndProject
Project("{FAE04EC0-301F-11D3-BF4B-00C04F79EFBC}") = "Labor-02", "Labor-02\Labor-02.csproj", "{EADC8B24-2ED9-4AD4-91B3-BA8542694920}"
EndProject
Global
	GlobalSection(SolutionConfigurationPlatforms) = preSolution
		Debug|Any CPU = Debug|Any CPU
		Release|Any CPU = Release|Any CPU
	EndGlobalSection
	GlobalSection(ProjectConfigurationPlatforms) = postSolution
		{35E2BFC6-2441-40D1-ADF4-FFD0E011E0F9}.Debug|Any CPU.ActiveCfg = Debug|Any CPU
		{35E2BFC6-2441-40D1-ADF4-FFD0E011E0F9}.Debug|Any CPU.Build.0 = Debug|Any CPU
		{35E2BFC6-2441-40D1-ADF4-FFD0E011E0F9}.Release|Any CPU.ActiveCfg = Release|Any CPU
		{35E2BFC6-2441-40D1-ADF4-FFD0E011E0F9}.Release|Any CPU.Build.0 = Release|Any CPU
		{EADC8B24-2ED9-4AD4-91B3-BA8542694920}.Debug|Any CPU.ActiveCfg = Debug|Any CPU
		{EADC8B24-2ED9-4AD4-91B3-BA8542694920}.Debug|Any CPU.Build.0 = Debug|Any CPU
		{EADC8B24-2ED9-4AD4-91B3-BA8542694920}.Release|Any CPU.ActiveCfg = Release|Any CPU
		{EADC8B24-2ED9-4AD4-91B3-BA8542694920}.Release|Any CPU.Build.0 = Release|Any CPU
	EndGlobalSection
EndGlobal
