
Microsoft Visual Studio Solution File, Format Version 12.00
Project("{FAE04EC0-301F-11D3-BF4B-00C04F79EFBC}") = "Labor-01-base", "Labor-01-base\Labor-01-base.csproj", "{35E2BFC6-2441-40D1-ADF4-FFD0E011E0F9}"
EndProject
Project("{FAE04EC0-301F-11D3-BF4B-00C04F79EFBC}") = "Labor-02-base", "Labor-02-base\Labor-02-base.csproj", "{EADC8B24-2ED9-4AD4-91B3-BA8542694920}"
EndProject
Project("{FAE04EC0-301F-11D3-BF4B-00C04F79EFBC}") = "Labor-03-base", "Labor-03-base\Labor-03-base.csproj", "{722702CB-AD92-4188-A8B6-9FC25A497EA3}"
EndProject
Project("{FAE04EC0-301F-11D3-BF4B-00C04F79EFBC}") = "Labor-04-base", "Labor-04-base\Labor-04-base.csproj", "{B86D663E-987D-413C-AAFB-30A6993E6FEA}"
EndProject
Project("{FAE04EC0-301F-11D3-BF4B-00C04F79EFBC}") = "Labor-04-base-test", "Labor-04-base-test\Labor-04-base-test.csproj", "{2E5103C7-7E3B-4719-80EC-58B83C5AB520}"
EndProject
Global
	GlobalSection(SolutionConfigurationPlatforms) = preSolution
		Debug|Any CPU = Debug|Any CPU
		Release|Any CPU = Release|Any CPU
	EndGlobalSection
	GlobalSection(ProjectConfigurationPlatforms) = postSolution
		{35E2BFC6-2441-40D1-ADF4-FFD0E011E0F9}.Debug|Any CPU.ActiveCfg = Debug|Any CPU
		{35E2BFC6-2441-40D1-ADF4-FFD0E011E0F9}.Debug|Any CPU.Build.0 = Debug|Any CPU
		{35E2BFC6-2441-40D1-ADF4-FFD0E011E0F9}.Release|Any CPU.ActiveCfg = Release|Any CPU
		{35E2BFC6-2441-40D1-ADF4-FFD0E011E0F9}.Release|Any CPU.Build.0 = Release|Any CPU
		{EADC8B24-2ED9-4AD4-91B3-BA8542694920}.Debug|Any CPU.ActiveCfg = Debug|Any CPU
		{EADC8B24-2ED9-4AD4-91B3-BA8542694920}.Debug|Any CPU.Build.0 = Debug|Any CPU
		{EADC8B24-2ED9-4AD4-91B3-BA8542694920}.Release|Any CPU.ActiveCfg = Release|Any CPU
		{EADC8B24-2ED9-4AD4-91B3-BA8542694920}.Release|Any CPU.Build.0 = Release|Any CPU
		{722702CB-AD92-4188-A8B6-9FC25A497EA3}.Debug|Any CPU.ActiveCfg = Debug|Any CPU
		{722702CB-AD92-4188-A8B6-9FC25A497EA3}.Debug|Any CPU.Build.0 = Debug|Any CPU
		{722702CB-AD92-4188-A8B6-9FC25A497EA3}.Release|Any CPU.ActiveCfg = Release|Any CPU
		{722702CB-AD92-4188-A8B6-9FC25A497EA3}.Release|Any CPU.Build.0 = Release|Any CPU
		{B86D663E-987D-413C-AAFB-30A6993E6FEA}.Debug|Any CPU.ActiveCfg = Debug|Any CPU
		{B86D663E-987D-413C-AAFB-30A6993E6FEA}.Debug|Any CPU.Build.0 = Debug|Any CPU
		{B86D663E-987D-413C-AAFB-30A6993E6FEA}.Release|Any CPU.ActiveCfg = Release|Any CPU
		{B86D663E-987D-413C-AAFB-30A6993E6FEA}.Release|Any CPU.Build.0 = Release|Any CPU
		{2E5103C7-7E3B-4719-80EC-58B83C5AB520}.Debug|Any CPU.ActiveCfg = Debug|Any CPU
		{2E5103C7-7E3B-4719-80EC-58B83C5AB520}.Debug|Any CPU.Build.0 = Debug|Any CPU
		{2E5103C7-7E3B-4719-80EC-58B83C5AB520}.Release|Any CPU.ActiveCfg = Release|Any CPU
		{2E5103C7-7E3B-4719-80EC-58B83C5AB520}.Release|Any CPU.Build.0 = Release|Any CPU
	EndGlobalSection
EndGlobal
